{
  "name": "server",
  "version": "1.0.0",
  "lockfileVersion": 1,
  "requires": true,
  "dependencies": {
    "file-type": {
      "version": "3.9.0",
      "resolved": "http://registry.npmjs.org/file-type/-/file-type-3.9.0.tgz",
      "integrity": "sha1-JXoHg4TR24CHvESdEH1SpSZyuek="
    },
    "html-comment-regex": {
      "version": "1.1.2",
      "resolved": "https://registry.npmjs.org/html-comment-regex/-/html-comment-regex-1.1.2.tgz",
      "integrity": "sha512-P+M65QY2JQ5Y0G9KKdlDpo0zK+/OHptU5AaBwUfAIDJZk1MYf32Frm84EcOytfJE0t5JvkAnKlmjsXDnWzCJmQ=="
    },
    "is-svg": {
      "version": "2.1.0",
      "resolved": "https://registry.npmjs.org/is-svg/-/is-svg-2.1.0.tgz",
      "integrity": "sha1-z2EJDaDZ77yrhyLeum8DIgjbsOk=",
      "requires": {
        "html-comment-regex": "1.1.2"
      }
    },
    "multer-s3": {
      "version": "2.9.0",
      "resolved": "https://registry.npmjs.org/multer-s3/-/multer-s3-2.9.0.tgz",
      "integrity": "sha512-qLF8pCD5HhXLLd954q49B63x3bk6Fe0jqD3eM0FVcGtqhiSVuTrchEDAo0mnO5pc34cMuX/CVCCbPkGTjX2xUA==",
      "requires": {
        "file-type": "3.9.0",
        "is-svg": "2.1.0",
        "run-parallel": "1.1.9"
      }
    },
    "run-parallel": {
      "version": "1.1.9",
      "resolved": "https://registry.npmjs.org/run-parallel/-/run-parallel-1.1.9.tgz",
      "integrity": "sha512-DEqnSRTDw/Tc3FXf49zedI638Z9onwUotBMiUFKmrO2sdFKIbXamXGQ3Axd4qgphxKB4kw/qP1w5kTxnfU1B9Q=="
    }
  }
}
